<?xml version="1.0" encoding="utf-8"?>
<Project ToolsVersion="18.0" xmlns="http://schemas.microsoft.com/developer/msbuild/2003">
  <ItemGroup>
    <ClCompile Include="E:\Github\cmake-4.2.3-tutorial-source\cmake-4.2.3-tutorial-source\Step3\MathFunctions\MathFunctions.cxx">
      <Filter>Source Files</Filter>
    </ClCompile>
  </ItemGroup>
  <ItemGroup>
    <ClInclude Include="E:\Github\cmake-4.2.3-tutorial-source\cmake-4.2.3-tutorial-source\Step3\MathFunctions\MathFunctions.h">
      <Filter>Header Files</Filter>
    </ClInclude>
  </ItemGroup>
  <ItemGroup>
    <CustomBuild Include="E:\Github\cmake-4.2.3-tutorial-source\cmake-4.2.3-tutorial-source\Step3\MathFunctions\CMakeLists.txt" />
  </ItemGroup>
  <ItemGroup>
    <Filter Include="Header Files">
      <UniqueIdentifier>{F3432E87-9D60-3713-990D-26922C73D478}</UniqueIdentifier>
    </Filter>
    <Filter Include="Source Files">
      <UniqueIdentifier>{ED6FEEFD-BAAC-3089-878B-90FAD3659258}</UniqueIdentifier>
    </Filter>
  </ItemGroup>
</Project>
